
Microsoft Visual Studio Solution File, Format Version 12.00
# Visual Studio 15
VisualStudioVersion = 15.0.28010.2036
MinimumVisualStudioVersion = 10.0.40219.1
Project("{FAE04EC0-301F-11D3-BF4B-00C04F79EFBC}") = "AuctionPlatformSystem", "AuctionPlatformSystem\AuctionPlatformSystem.csproj", "{FADE9B01-6FF7-4136-946E-E2D6F87EE33D}"
EndProject
Global
	GlobalSection(SolutionConfigurationPlatforms) = preSolution
		Debug|Any CPU = Debug|Any CPU
		Release|Any CPU = Release|Any CPU
	EndGlobalSection
	GlobalSection(ProjectConfigurationPlatforms) = postSolution
		{FADE9B01-6FF7-4136-946E-E2D6F87EE33D}.Debug|Any CPU.ActiveCfg = Debug|Any CPU
		{FADE9B01-6FF7-4136-946E-E2D6F87EE33D}.Debug|Any CPU.Build.0 = Debug|Any CPU
		{FADE9B01-6FF7-4136-946E-E2D6F87EE33D}.Release|Any CPU.ActiveCfg = Release|Any CPU
		{FADE9B01-6FF7-4136-946E-E2D6F87EE33D}.Release|Any CPU.Build.0 = Release|Any CPU
	EndGlobalSection
	GlobalSection(SolutionProperties) = preSolution
		HideSolutionNode = FALSE
	EndGlobalSection
	GlobalSection(ExtensibilityGlobals) = postSolution
		SolutionGuid = {6113D850-67AD-409A-9AA6-C97A8D311E53}
	EndGlobalSection
EndGlobal
